
Microsoft Visual Studio Solution File, Format Version 12.00
# Visual Studio Version 17
VisualStudioVersion = 17.1.32319.34
MinimumVisualStudioVersion = 10.0.40219.1
Project("{FAE04EC0-301F-11D3-BF4B-00C04F79EFBC}") = "DatiEAlgoritmi3", "DatiEAlgoritmi3\DatiEAlgoritmi3.csproj", "{9EF62FCE-E4F9-47A7-92B0-447C55D8137E}"
EndProject
Global
	GlobalSection(SolutionConfigurationPlatforms) = preSolution
		Debug|Any CPU = Debug|Any CPU
		Release|Any CPU = Release|Any CPU
	EndGlobalSection
	GlobalSection(ProjectConfigurationPlatforms) = postSolution
		{9EF62FCE-E4F9-47A7-92B0-447C55D8137E}.Debug|Any CPU.ActiveCfg = Debug|Any CPU
		{9EF62FCE-E4F9-47A7-92B0-447C55D8137E}.Debug|Any CPU.Build.0 = Debug|Any CPU
		{9EF62FCE-E4F9-47A7-92B0-447C55D8137E}.Release|Any CPU.ActiveCfg = Release|Any CPU
		{9EF62FCE-E4F9-47A7-92B0-447C55D8137E}.Release|Any CPU.Build.0 = Release|Any CPU
	EndGlobalSection
	GlobalSection(SolutionProperties) = preSolution
		HideSolutionNode = FALSE
	EndGlobalSection
	GlobalSection(ExtensibilityGlobals) = postSolution
		SolutionGuid = {659A91C6-B5C0-4010-B881-2F7978E5E8E0}
	EndGlobalSection
EndGlobal
